<?xml version="1.0" encoding="utf-8"?>
<Project ToolsVersion="4.0" xmlns="http://schemas.microsoft.com/developer/msbuild/2003">
  <ItemGroup>
    <Filter Include="Hammer">
      <UniqueIdentifier>{5F5DEBB6-4BFF-158D-34BA-29E120FB9CDD}</UniqueIdentifier>
    </Filter>
    <Filter Include="Hammer\Events">
      <UniqueIdentifier>{6368C4C2-CF28-40F9-9863-897604E384D5}</UniqueIdentifier>
    </Filter>
    <Filter Include="PlatForm">
      <UniqueIdentifier>{0A3B77B4-F607-D2BF-1F21-C0670B4D074E}</UniqueIdentifier>
    </Filter>
    <Filter Include="PlatForm\Windows">
      <UniqueIdentifier>{444F6CFC-3048-8B4E-597A-70D345D26A5A}</UniqueIdentifier>
    </Filter>
  </ItemGroup>
  <ItemGroup>
    <ClInclude Include="src\Hammer.h" />
    <ClInclude Include="src\Hammer\Application.h">
      <Filter>Hammer</Filter>
    </ClInclude>
    <ClInclude Include="src\Hammer\Core.h">
      <Filter>Hammer</Filter>
    </ClInclude>
    <ClInclude Include="src\Hammer\EntryPoint.h">
      <Filter>Hammer</Filter>
    </ClInclude>
    <ClInclude Include="src\Hammer\Events\ApplicationEvent.h">
      <Filter>Hammer\Events</Filter>
    </ClInclude>
    <ClInclude Include="src\Hammer\Events\Event.h">
      <Filter>Hammer\Events</Filter>
    </ClInclude>
    <ClInclude Include="src\Hammer\Events\KeyEvent.h">
      <Filter>Hammer\Events</Filter>
    </ClInclude>
    <ClInclude Include="src\Hammer\Events\MouseEvent.h">
      <Filter>Hammer\Events</Filter>
    </ClInclude>
    <ClInclude Include="src\Hammer\Layer.h">
      <Filter>Hammer</Filter>
    </ClInclude>
    <ClInclude Include="src\Hammer\LayerStack.h">
      <Filter>Hammer</Filter>
    </ClInclude>
    <ClInclude Include="src\Hammer\Log.h">
      <Filter>Hammer</Filter>
    </ClInclude>
    <ClInclude Include="src\PlatForm\Windows\WindowsWindow.h">
      <Filter>PlatForm\Windows</Filter>
    </ClInclude>
    <ClInclude Include="src\Window.h" />
    <ClInclude Include="src\hmpch.h" />
  </ItemGroup>
  <ItemGroup>
    <ClCompile Include="src\Hammer\Application.cpp">
      <Filter>Hammer</Filter>
    </ClCompile>
    <ClCompile Include="src\Hammer\Layer.cpp">
      <Filter>Hammer</Filter>
    </ClCompile>
    <ClCompile Include="src\Hammer\LayerStack.cpp">
      <Filter>Hammer</Filter>
    </ClCompile>
    <ClCompile Include="src\Hammer\Log.cpp">
      <Filter>Hammer</Filter>
    </ClCompile>
    <ClCompile Include="src\PlatForm\Windows\WindowsWindow.cpp">
      <Filter>PlatForm\Windows</Filter>
    </ClCompile>
    <ClCompile Include="src\hmpch.cpp" />
  </ItemGroup>
</Project>